{
  "name": "projectdeathmatch",
  "version": "1.0.0",
  "lockfileVersion": 3,
  "requires": true,
  "packages": {
    "": {
      "name": "projectdeathmatch",
      "version": "1.0.0",
      "license": "ISC",
      "dependencies": {
        "@unity-services/cloud-save": "file:Library/PackageCache/com.unity.services.cloudcode/UnityServicesNpmLocal~/cloud-save-0.0.5.tgz",
        "@unity-services/cloud-save-1.0": "file:Library/PackageCache/com.unity.services.cloudcode/UnityServicesNpmLocal~/cloud-save-1.0.1.tgz",
        "@unity-services/cloud-save-1.1": "file:Library/PackageCache/com.unity.services.cloudcode/UnityServicesNpmLocal~/cloud-save-1.1.0.tgz",
        "@unity-services/cloud-save-1.2": "file:Library/PackageCache/com.unity.services.cloudcode/UnityServicesNpmLocal~/cloud-save-1.2.0.tgz",
        "@unity-services/cloud-save-1.2.1": "file:Library/PackageCache/com.unity.services.cloudcode/UnityServicesNpmLocal~/cloud-save-1.2.1.tgz",
        "@unity-services/cloud-save-1.3": "file:Library/PackageCache/com.unity.services.cloudcode/UnityServicesNpmLocal~/cloud-save-1.3.0.tgz",
        "@unity-services/cloud-save-1.4": "file:Library/PackageCache/com.unity.services.cloudcode/UnityServicesNpmLocal~/cloud-save-1.4.0.tgz",
        "@unity-services/economy-2.0": "file:Library/PackageCache/com.unity.services.cloudcode/UnityServicesNpmLocal~/economy-2.0.2.tgz",
        "@unity-services/economy-2.1": "file:Library/PackageCache/com.unity.services.cloudcode/UnityServicesNpmLocal~/economy-2.1.1.tgz",
        "@unity-services/economy-2.2": "file:Library/PackageCache/com.unity.services.cloudcode/UnityServicesNpmLocal~/economy-2.2.0.tgz",
        "@unity-services/economy-2.2.1": "file:Library/PackageCache/com.unity.services.cloudcode/UnityServicesNpmLocal~/economy-2.2.1.tgz",
        "@unity-services/economy-2.3": "file:Library/PackageCache/com.unity.services.cloudcode/UnityServicesNpmLocal~/economy-2.3.0.tgz",
        "@unity-services/economy-2.3.1": "file:Library/PackageCache/com.unity.services.cloudcode/UnityServicesNpmLocal~/economy-2.3.1.tgz",
        "@unity-services/economy-2.3.2": "file:Library/PackageCache/com.unity.services.cloudcode/UnityServicesNpmLocal~/economy-2.3.2.tgz",
        "@unity-services/economy-2.4": "file:Library/PackageCache/com.unity.services.cloudcode/UnityServicesNpmLocal~/economy-2.4.0.tgz",
        "@unity-services/economy-2.4.1": "file:Library/PackageCache/com.unity.services.cloudcode/UnityServicesNpmLocal~/economy-2.4.1.tgz",
        "@unity-services/lobby-1.0": "file:Library/PackageCache/com.unity.services.cloudcode/UnityServicesNpmLocal~/lobby-1.0.1.tgz",
        "@unity-services/lobby-1.1": "file:Library/PackageCache/com.unity.services.cloudcode/UnityServicesNpmLocal~/lobby-1.1.0.tgz",
        "@unity-services/lobby-1.1.1": "file:Library/PackageCache/com.unity.services.cloudcode/UnityServicesNpmLocal~/lobby-1.1.1.tgz",
        "@unity-services/lobby-1.1.2": "file:Library/PackageCache/com.unity.services.cloudcode/UnityServicesNpmLocal~/lobby-1.1.2.tgz",
        "@unity-services/lobby-1.2": "file:Library/PackageCache/com.unity.services.cloudcode/UnityServicesNpmLocal~/lobby-1.2.0.tgz",
        "@unity-services/remote-config": "file:Library/PackageCache/com.unity.services.cloudcode/UnityServicesNpmLocal~/remote-config-0.0.4.tgz",
        "@unity-services/remote-config-1.0": "file:Library/PackageCache/com.unity.services.cloudcode/UnityServicesNpmLocal~/remote-config-1.0.1.tgz",
        "@unity-services/remote-config-1.1.0": "file:Library/PackageCache/com.unity.services.cloudcode/UnityServicesNpmLocal~/remote-config-1.1.0.tgz",
        "@unity-services/remote-config-1.1.1": "file:Library/PackageCache/com.unity.services.cloudcode/UnityServicesNpmLocal~/remote-config-1.1.1.tgz",
        "@unity-services/remote-config-1.1.2": "file:Library/PackageCache/com.unity.services.cloudcode/UnityServicesNpmLocal~/remote-config-1.1.2.tgz",
        "@unity-services/vivox-0.1": "file:Library/PackageCache/com.unity.services.cloudcode/UnityServicesNpmLocal~/vivox-0.1.6.tgz",
        "axios": "^0.21.2",
        "axios-0.21": "npm:axios@^0.21.2",
        "lodash": "4.17.21",
        "lodash-4.17": "npm:lodash@^4.17"
      },
      "devDependencies": {
        "@types/lodash": "^4.14.177",
        "@types/lodash-4.17": "npm:@types/lodash@^4.14.177"
      }
    },
    "node_modules/@types/lodash": {
      "version": "4.17.7",
      "resolved": "https://registry.npmjs.org/@types/lodash/-/lodash-4.17.7.tgz",
      "integrity": "sha512-8wTvZawATi/lsmNu10/j2hk1KEP0IvjubqPE3cu1Xz7xfXXt5oCq3SNUz4fMIP4XGF9Ky+Ue2tBA3hcS7LSBlA==",
      "dev": true,
      "license": "MIT"
    },
    "node_modules/@types/lodash-4.17": {
      "name": "@types/lodash",
      "version": "4.17.7",
      "resolved": "https://registry.npmjs.org/@types/lodash/-/lodash-4.17.7.tgz",
      "integrity": "sha512-8wTvZawATi/lsmNu10/j2hk1KEP0IvjubqPE3cu1Xz7xfXXt5oCq3SNUz4fMIP4XGF9Ky+Ue2tBA3hcS7LSBlA==",
      "dev": true,
      "license": "MIT"
    },
    "node_modules/@unity-services/cloud-save": {
      "version": "0.0.5",
      "resolved": "file:Library/PackageCache/com.unity.services.cloudcode/UnityServicesNpmLocal~/cloud-save-0.0.5.tgz",
      "integrity": "sha512-/ZLiOKbv7PE01EADsGFEwgCOe/4d6F/bLHHbWJ8JfcIxFvRECX5TD5eqHsmK5sV3GbQzCFTcLyRddwxCQi6EFA==",
      "license": "Unlicense",
      "dependencies": {
        "axios": "^0.21.1"
      }
    },
    "node_modules/@unity-services/cloud-save-1.0": {
      "name": "@unity-services/cloud-save",
      "version": "1.0.1",
      "resolved": "file:Library/PackageCache/com.unity.services.cloudcode/UnityServicesNpmLocal~/cloud-save-1.0.1.tgz",
      "integrity": "sha512-/V7oEJ/mMDVckVo1PQE/gTCVGw31bX+h5O0wSFRpNsc1Mrsv9siW3709UP+cEactu3iAeRgc/On0BvVrJeAQ9w==",
      "license": "Unlicense",
      "dependencies": {
        "axios": "^0.21.4"
      }
    },
    "node_modules/@unity-services/cloud-save-1.1": {
      "name": "@unity-services/cloud-save",
      "version": "1.1.0",
      "resolved": "file:Library/PackageCache/com.unity.services.cloudcode/UnityServicesNpmLocal~/cloud-save-1.1.0.tgz",
      "integrity": "sha512-j7+/YQVO6d43dnhw8KkfjIEAkmauUU8cGCGK/XpRrU6DEb8KJ4t4IdBHf10VHn5X210n6WENLiwAJuzd7sRQVQ==",
      "license": "Unlicense",
      "dependencies": {
        "axios": "^0.21.4"
      }
    },
    "node_modules/@unity-services/cloud-save-1.2": {
      "name": "@unity-services/cloud-save",
      "version": "1.2.0",
      "resolved": "file:Library/PackageCache/com.unity.services.cloudcode/UnityServicesNpmLocal~/cloud-save-1.2.0.tgz",
      "integrity": "sha512-fP4pv4aGRJ0/9p9EHiyhy6SPT1E/cRP6R4nvNmC4okywc8QH2p9v9dl63FqVK5M8p7S45kW4+AuAPhv5SPedaQ==",
      "license": "Unlicense",
      "dependencies": {
        "axios": "^0.21.4"
      }
    },
    "node_modules/@unity-services/cloud-save-1.2.1": {
      "name": "@unity-services/cloud-save",
      "version": "1.2.1",
      "resolved": "file:Library/PackageCache/com.unity.services.cloudcode/UnityServicesNpmLocal~/cloud-save-1.2.1.tgz",
      "integrity": "sha512-gvY5/C+TF0JB/8Ef+itEJeUFEFZdAluXy1x2f+QDs50uogPjlpRIGD9D7WlPK0CzUCnaeKuCc6I/3VEXhT0mog==",
      "license": "Unlicense",
      "dependencies": {
        "axios": "^0.21.4"
      }
    },
    "node_modules/@unity-services/cloud-save-1.3": {
      "name": "@unity-services/cloud-save",
      "version": "1.3.0",
      "resolved": "file:Library/PackageCache/com.unity.services.cloudcode/UnityServicesNpmLocal~/cloud-save-1.3.0.tgz",
      "integrity": "sha512-IaywDFaWiC8a6RDf7paU9CFSfsv0SxlNiflvCcm46N8KdJxV2ZNSurksW0DEBXzJFJHEjONn3IdfkII00rbjqQ==",
      "license": "Unlicense",
      "dependencies": {
        "axios": "^0.27.2"
      }
    },
    "node_modules/@unity-services/cloud-save-1.3/node_modules/axios": {
      "version": "0.27.2",
      "resolved": "https://registry.npmjs.org/axios/-/axios-0.27.2.tgz",
      "integrity": "sha512-t+yRIyySRTp/wua5xEr+z1q60QmLq8ABsS5O9Me1AsE5dfKqgnCFzwiCZZ/cGNd1lq4/7akDWMxdhVlucjmnOQ==",
      "license": "MIT",
      "dependencies": {
        "follow-redirects": "^1.14.9",
        "form-data": "^4.0.0"
      }
    },
    "node_modules/@unity-services/cloud-save-1.4": {
      "name": "@unity-services/cloud-save",
      "version": "1.4.0",
      "resolved": "file:Library/PackageCache/com.unity.services.cloudcode/UnityServicesNpmLocal~/cloud-save-1.4.0.tgz",
      "integrity": "sha512-AKe5Dd85BGdZ2CTBL5Oe3edbjjKJMgDOSZLZX0PDDjuqUBWYjfOmm9qEp+Ccj9l4WC6OpGskoUihjGw/FiChZg==",
      "license": "Unlicense",
      "dependencies": {
        "axios": "^0.27.2"
      }
    },
    "node_modules/@unity-services/cloud-save-1.4/node_modules/axios": {
      "version": "0.27.2",
      "resolved": "https://registry.npmjs.org/axios/-/axios-0.27.2.tgz",
      "integrity": "sha512-t+yRIyySRTp/wua5xEr+z1q60QmLq8ABsS5O9Me1AsE5dfKqgnCFzwiCZZ/cGNd1lq4/7akDWMxdhVlucjmnOQ==",
      "license": "MIT",
      "dependencies": {
        "follow-redirects": "^1.14.9",
        "form-data": "^4.0.0"
      }
    },
    "node_modules/@unity-services/economy-2.0": {
      "name": "@unity-services/economy",
      "version": "2.0.2",
      "resolved": "file:Library/PackageCache/com.unity.services.cloudcode/UnityServicesNpmLocal~/economy-2.0.2.tgz",
      "integrity": "sha512-fe1qRDnT5ykfVABlZ4+0+9nd6uACMXVIJdglerkzrDY39zOM289QtXYdN7+cohslYK8lqIKajch+Xrwl2dS/2w==",
      "license": "Unlicense",
      "dependencies": {
        "axios": "^0.21.4"
      }
    },
    "node_modules/@unity-services/economy-2.1": {
      "name": "@unity-services/economy",
      "version": "2.1.1",
      "resolved": "file:Library/PackageCache/com.unity.services.cloudcode/UnityServicesNpmLocal~/economy-2.1.1.tgz",
      "integrity": "sha512-ueCrJ9fROgC6K7VApguFUlnp8sddBowdUXlbn1STip5QJ+6yo1LDOs5AuxfsxiGwB3Hs5R8HZ48vEXRCJWuc0A==",
      "license": "Unlicense",
      "dependencies": {
        "axios": "^0.21.4"
      }
    },
    "node_modules/@unity-services/economy-2.2": {
      "name": "@unity-services/economy",
      "version": "2.2.0",
      "resolved": "file:Library/PackageCache/com.unity.services.cloudcode/UnityServicesNpmLocal~/economy-2.2.0.tgz",
      "integrity": "sha512-pf6kiMrvEuwzsGBWqab+2tTSqybI3jAaDEMS4iwM9xm54UImpieHa5azjpoHp96iBK4mT0QWHCdXLceWKB5hhg==",
      "license": "Unlicense",
      "dependencies": {
        "axios": "^0.21.4"
      }
    },
    "node_modules/@unity-services/economy-2.2.1": {
      "name": "@unity-services/economy",
      "version": "2.2.1",
      "resolved": "file:Library/PackageCache/com.unity.services.cloudcode/UnityServicesNpmLocal~/economy-2.2.1.tgz",
      "integrity": "sha512-RmPiCLkJHIZS32RyKgZlMq1vEyD8ejyOjTEV8NtqmIPhqBLXniSNoWZyEBSNHx8ZRtTnSmhpGoCw6MqBicyt0w==",
      "license": "Unlicense",
      "dependencies": {
        "axios": "^0.21.4"
      }
    },
    "node_modules/@unity-services/economy-2.3": {
      "name": "@unity-services/economy",
      "version": "2.3.0",
      "resolved": "file:Library/PackageCache/com.unity.services.cloudcode/UnityServicesNpmLocal~/economy-2.3.0.tgz",
      "integrity": "sha512-+z03B/srqhnWH/6HCsJOeRw8heqKMobdnuiQh5QVaqlYVPDighf/Ln/JDU9WrKigSgeTs1lhYHDSkJVef+nJ+g==",
      "license": "Unlicense",
      "dependencies": {
        "axios": "^0.21.4"
      }
    },
    "node_modules/@unity-services/economy-2.3.1": {
      "name": "@unity-services/economy",
      "version": "2.3.1",
      "resolved": "file:Library/PackageCache/com.unity.services.cloudcode/UnityServicesNpmLocal~/economy-2.3.1.tgz",
      "integrity": "sha512-Y7wDjS46Sg2D42/DBOC9Yhumek3v/qC8M5Od9v5q7yjD4yAzVYeK+CKZm7TK+7DqUaN4Pdix8n23eFsHtbKrzA==",
      "license": "Unlicense",
      "dependencies": {
        "axios": "^0.21.4"
      }
    },
    "node_modules/@unity-services/economy-2.3.2": {
      "name": "@unity-services/economy",
      "version": "2.3.2",
      "resolved": "file:Library/PackageCache/com.unity.services.cloudcode/UnityServicesNpmLocal~/economy-2.3.2.tgz",
      "integrity": "sha512-mJvEfvrAdZbInjmav9VVcoO4NaGNc91yeWXIkQGqOcKP8HNDA/zli7IlrxV9glie2KSr6/ki7OlHA8HqvLQ3/A==",
      "license": "Unlicense",
      "dependencies": {
        "axios": "^0.21.4"
      }
    },
    "node_modules/@unity-services/economy-2.4": {
      "name": "@unity-services/economy",
      "version": "2.4.0",
      "resolved": "file:Library/PackageCache/com.unity.services.cloudcode/UnityServicesNpmLocal~/economy-2.4.0.tgz",
      "integrity": "sha512-sdQQnFsfx2QTELsj1NzHKlZ4cf1QGU/fwlsTt5PJv2ZcEd6JpE5C/mvY0EovIBY+xX51w7Rpz2LwywHrl9JBeQ==",
      "license": "Unlicense",
      "dependencies": {
        "axios": "^0.21.4"
      }
    },
    "node_modules/@unity-services/economy-2.4.1": {
      "name": "@unity-services/economy",
      "version": "2.4.1",
      "resolved": "file:Library/PackageCache/com.unity.services.cloudcode/UnityServicesNpmLocal~/economy-2.4.1.tgz",
      "integrity": "sha512-PalvW4gbCQAieQ/hfJNXs6TOkQQ3gwFtZWV8ot9PvLDCpbCkuXph8QbbmlxC/Ia7YRgVjXAsGNIct51RecDmqw==",
      "license": "Unlicense",
      "dependencies": {
        "axios": "^0.21.4"
      }
    },
    "node_modules/@unity-services/lobby-1.0": {
      "name": "@unity-services/lobby",
      "version": "1.0.1",
      "resolved": "file:Library/PackageCache/com.unity.services.cloudcode/UnityServicesNpmLocal~/lobby-1.0.1.tgz",
      "integrity": "sha512-1pLZWJRDPUxwynrmPTglA0dCRVhw1AmaTMXBeIvz9ZWk/wLgLQhqcAuyEFhSFObbF9iJ3lut9XyyNNSGtbF2HQ==",
      "license": "Unlicense",
      "dependencies": {
        "axios": "^0.21.4"
      }
    },
    "node_modules/@unity-services/lobby-1.1": {
      "name": "@unity-services/lobby",
      "version": "1.1.0",
      "resolved": "file:Library/PackageCache/com.unity.services.cloudcode/UnityServicesNpmLocal~/lobby-1.1.0.tgz",
      "integrity": "sha512-dcA+VH0RucY206nhSaQLeunOmRsHJXmJjQKatIuFYfyFQouXX75K1SldU3eUuIzDoahvTz96pxwnI4Wm8HvMzQ==",
      "license": "Unlicense",
      "dependencies": {
        "axios": "^0.21.4"
      }
    },
    "node_modules/@unity-services/lobby-1.1.1": {
      "name": "@unity-services/lobby",
      "version": "1.1.1",
      "resolved": "file:Library/PackageCache/com.unity.services.cloudcode/UnityServicesNpmLocal~/lobby-1.1.1.tgz",
      "integrity": "sha512-z+mjk9ZaDP2TdswOkrcu4+szfWYtiqW8mLOBW+fUDWKRIQGL53htbL3RUPFJpD9fW2teFjNL9LHnvkaaud8BKg==",
      "license": "Unlicense",
      "dependencies": {
        "axios": "^0.21.4"
      }
    },
    "node_modules/@unity-services/lobby-1.1.2": {
      "name": "@unity-services/lobby",
      "version": "1.1.2",
      "resolved": "file:Library/PackageCache/com.unity.services.cloudcode/UnityServicesNpmLocal~/lobby-1.1.2.tgz",
      "integrity": "sha512-4tsTvyJAHPOB+V8ZtJ6OVFK8d9414qHSqDJ/Hlusgf+7Wayg4ALhf4YEgsK3P6zmr0TfxKNOmuqVnXt8UvuX+Q==",
      "license": "Unlicense",
      "dependencies": {
        "axios": "^0.21.4"
      }
    },
    "node_modules/@unity-services/lobby-1.2": {
      "name": "@unity-services/lobby",
      "version": "1.2.0",
      "resolved": "file:Library/PackageCache/com.unity.services.cloudcode/UnityServicesNpmLocal~/lobby-1.2.0.tgz",
      "integrity": "sha512-FIFe02MKglh5/pm+7V7ZxkgCd8esFNHlmpGxEkxrUdZHhEMILsPpeyungg5K7GcIG6yOBOLlEpNnZY09NqSItA==",
      "license": "Unlicense",
      "dependencies": {
        "axios": "^0.21.4"
      }
    },
    "node_modules/@unity-services/remote-config": {
      "version": "0.0.4",
      "resolved": "file:Library/PackageCache/com.unity.services.cloudcode/UnityServicesNpmLocal~/remote-config-0.0.4.tgz",
      "integrity": "sha512-Q1vMA8rF7vqkHGJx97m2Kwszjq0OQXQsKGj87Ct1o9TWKlN61C91axSKCuKM8dxAs+DEXldd87AyzqWVTwJcrw==",
      "license": "Unlicense",
      "dependencies": {
        "axios": "^0.21.1"
      }
    },
    "node_modules/@unity-services/remote-config-1.0": {
      "name": "@unity-services/remote-config",
      "version": "1.0.1",
      "resolved": "file:Library/PackageCache/com.unity.services.cloudcode/UnityServicesNpmLocal~/remote-config-1.0.1.tgz",
      "integrity": "sha512-dXeNTMRbhAuoOQO6YkdDb0cSPhenkepVJRkaFEbq3JVm/ojoO7hH2PqiXGJ9/Rw4p6nE29UZLgMU6LVRvM4oww==",
      "license": "Unlicense",
      "dependencies": {
        "axios": "^0.21.2"
      }
    },
    "node_modules/@unity-services/remote-config-1.1.0": {
      "name": "@unity-services/remote-config",
      "version": "1.1.0",
      "resolved": "file:Library/PackageCache/com.unity.services.cloudcode/UnityServicesNpmLocal~/remote-config-1.1.0.tgz",
      "integrity": "sha512-Z18RC7Np9PNLatED1ew2fV9UC9TCwrCxHTYMKI3MhMdD1jF9NZQG3pnIwdhK44IOwXeGJ5aunQgnBmp4bZlPTQ==",
      "license": "Unlicense",
      "dependencies": {
        "axios": "^0.21.4"
      }
    },
    "node_modules/@unity-services/remote-config-1.1.1": {
      "name": "@unity-services/remote-config",
      "version": "1.1.1",
      "resolved": "file:Library/PackageCache/com.unity.services.cloudcode/UnityServicesNpmLocal~/remote-config-1.1.1.tgz",
      "integrity": "sha512-TMA6FvX7RwNJER18U652Sz+QbrdpmbKFwiZa3fU+R9zeQmEFz/UOMuM7kUuumNIiCoRMRytAw1FOfB/dnYM4ig==",
      "license": "Unlicense",
      "dependencies": {
        "axios": "^0.21.4"
      }
    },
    "node_modules/@unity-services/remote-config-1.1.2": {
      "name": "@unity-services/remote-config",
      "version": "1.1.2",
      "resolved": "file:Library/PackageCache/com.unity.services.cloudcode/UnityServicesNpmLocal~/remote-config-1.1.2.tgz",
      "integrity": "sha512-jF0J5glXjIkEKD03rOtT4DnlzLFJlbjbdT8eFs/sHk0pTY4+eftn5UTogOXkR4hxaw8cukOUuCgbr4e7nSsqVA==",
      "license": "Unlicense",
      "dependencies": {
        "axios": "^0.21.4"
      }
    },
    "node_modules/@unity-services/vivox-0.1": {
      "name": "@unity-services/vivox",
      "version": "0.1.6",
      "resolved": "file:Library/PackageCache/com.unity.services.cloudcode/UnityServicesNpmLocal~/vivox-0.1.6.tgz",
      "integrity": "sha512-12FcPiwqtopBLxHzcK7FFhVKq8wlolr85xcnRnaldOzGH83eKvnmSopfKHLaLcFZ5QIs2yaC4kHEoRFYCgRnKA==",
      "license": "Unlicense",
      "dependencies": {
        "axios": "^0.21.4",
        "crypto-js": "4.1.1"
      }
    },
    "node_modules/asynckit": {
      "version": "0.4.0",
      "resolved": "https://registry.npmjs.org/asynckit/-/asynckit-0.4.0.tgz",
      "integrity": "sha512-Oei9OH4tRh0YqU3GxhX79dM/mwVgvbZJaSNaRk+bshkj0S5cfHcgYakreBjrHwatXKbz+IoIdYLxrKim2MjW0Q==",
      "license": "MIT"
    },
    "node_modules/axios": {
      "version": "0.21.4",
      "resolved": "https://registry.npmjs.org/axios/-/axios-0.21.4.tgz",
      "integrity": "sha512-ut5vewkiu8jjGBdqpM44XxjuCjq9LAKeHVmoVfHVzy8eHgxxq8SbAVQNovDA8mVi05kP0Ea/n/UzcSHcTJQfNg==",
      "license": "MIT",
      "dependencies": {
        "follow-redirects": "^1.14.0"
      }
    },
    "node_modules/axios-0.21": {
      "name": "axios",
      "version": "0.21.4",
      "resolved": "https://registry.npmjs.org/axios/-/axios-0.21.4.tgz",
      "integrity": "sha512-ut5vewkiu8jjGBdqpM44XxjuCjq9LAKeHVmoVfHVzy8eHgxxq8SbAVQNovDA8mVi05kP0Ea/n/UzcSHcTJQfNg==",
      "license": "MIT",
      "dependencies": {
        "follow-redirects": "^1.14.0"
      }
    },
    "node_modules/combined-stream": {
      "version": "1.0.8",
      "resolved": "https://registry.npmjs.org/combined-stream/-/combined-stream-1.0.8.tgz",
      "integrity": "sha512-FQN4MRfuJeHf7cBbBMJFXhKSDq+2kAArBlmRBvcvFE5BB1HZKXtSFASDhdlz9zOYwxh8lDdnvmMOe/+5cdoEdg==",
      "license": "MIT",
      "dependencies": {
        "delayed-stream": "~1.0.0"
      },
      "engines": {
        "node": ">= 0.8"
      }
    },
    "node_modules/crypto-js": {
      "version": "4.1.1",
      "resolved": "https://registry.npmjs.org/crypto-js/-/crypto-js-4.1.1.tgz",
      "integrity": "sha512-o2JlM7ydqd3Qk9CA0L4NL6mTzU2sdx96a+oOfPu8Mkl/PK51vSyoi8/rQ8NknZtk44vq15lmhAj9CIAGwgeWKw==",
      "license": "MIT"
    },
    "node_modules/delayed-stream": {
      "version": "1.0.0",
      "resolved": "https://registry.npmjs.org/delayed-stream/-/delayed-stream-1.0.0.tgz",
      "integrity": "sha512-ZySD7Nf91aLB0RxL4KGrKHBXl7Eds1DAmEdcoVawXnLD7SDhpNgtuII2aAkg7a7QS41jxPSZ17p4VdGnMHk3MQ==",
      "license": "MIT",
      "engines": {
        "node": ">=0.4.0"
      }
    },
    "node_modules/follow-redirects": {
      "version": "1.15.6",
      "resolved": "https://registry.npmjs.org/follow-redirects/-/follow-redirects-1.15.6.tgz",
      "integrity": "sha512-wWN62YITEaOpSK584EZXJafH1AGpO8RVgElfkuXbTOrPX4fIfOyEpW/CsiNd8JdYrAoOvafRTOEnvsO++qCqFA==",
      "funding": [
        {
          "type": "individual",
          "url": "https://github.com/sponsors/RubenVerborgh"
        }
      ],
      "license": "MIT",
      "engines": {
        "node": ">=4.0"
      },
      "peerDependenciesMeta": {
        "debug": {
          "optional": true
        }
      }
    },
    "node_modules/form-data": {
      "version": "4.0.0",
      "resolved": "https://registry.npmjs.org/form-data/-/form-data-4.0.0.tgz",
      "integrity": "sha512-ETEklSGi5t0QMZuiXoA/Q6vcnxcLQP5vdugSpuAyi6SVGi2clPPp+xgEhuMaHC+zGgn31Kd235W35f7Hykkaww==",
      "license": "MIT",
      "dependencies": {
        "asynckit": "^0.4.0",
        "combined-stream": "^1.0.8",
        "mime-types": "^2.1.12"
      },
      "engines": {
        "node": ">= 6"
      }
    },
    "node_modules/lodash": {
      "version": "4.17.21",
      "resolved": "https://registry.npmjs.org/lodash/-/lodash-4.17.21.tgz",
      "integrity": "sha512-v2kDEe57lecTulaDIuNTPy3Ry4gLGJ6Z1O3vE1krgXZNrsQ+LFTGHVxVjcXPs17LhbZVGedAJv8XZ1tvj5FvSg==",
      "license": "MIT"
    },
    "node_modules/lodash-4.17": {
      "name": "lodash",
      "version": "4.17.21",
      "resolved": "https://registry.npmjs.org/lodash/-/lodash-4.17.21.tgz",
      "integrity": "sha512-v2kDEe57lecTulaDIuNTPy3Ry4gLGJ6Z1O3vE1krgXZNrsQ+LFTGHVxVjcXPs17LhbZVGedAJv8XZ1tvj5FvSg==",
      "license": "MIT"
    },
    "node_modules/mime-db": {
      "version": "1.52.0",
      "resolved": "https://registry.npmjs.org/mime-db/-/mime-db-1.52.0.tgz",
      "integrity": "sha512-sPU4uV7dYlvtWJxwwxHD0PuihVNiE7TyAbQ5SWxDCB9mUYvOgroQOwYQQOKPJ8CIbE+1ETVlOoK1UC2nU3gYvg==",
      "license": "MIT",
      "engines": {
        "node": ">= 0.6"
      }
    },
    "node_modules/mime-types": {
      "version": "2.1.35",
      "resolved": "https://registry.npmjs.org/mime-types/-/mime-types-2.1.35.tgz",
      "integrity": "sha512-ZDY+bPm5zTTF+YpCrAU9nK0UgICYPT0QtT1NZWFv4s++TNkcgVaT0g6+4R2uI4MjQjzysHB1zxuWL50hzaeXiw==",
      "license": "MIT",
      "dependencies": {
        "mime-db": "1.52.0"
      },
      "engines": {
        "node": ">= 0.6"
      }
    }
  }
}
